// !$*UTF8*$!
{
	archiveVersion = 1;
	classes = {
	};
	objectVersion = 50;
	objects = {

/* Begin PBXBuildFile section */
		773C17E0243BD69300FF1896 /* AppDelegate.swift in Sources */ = {isa = PBXBuildFile; fileRef = 773C17DF243BD69300FF1896 /* AppDelegate.swift */; };
		773C17E2243BD69300FF1896 /* SceneDelegate.swift in Sources */ = {isa = PBXBuildFile; fileRef = 773C17E1243BD69300FF1896 /* SceneDelegate.swift */; };
		773C17E4243BD69300FF1896 /* ViewController.swift in Sources */ = {isa = PBXBuildFile; fileRef = 773C17E3243BD69300FF1896 /* ViewController.swift */; };
		773C17E7243BD69300FF1896 /* Main.storyboard in Resources */ = {isa = PBXBuildFile; fileRef = 773C17E5243BD69300FF1896 /* Main.storyboard */; };
		773C17E9243BD69400FF1896 /* Assets.xcassets in Resources */ = {isa = PBXBuildFile; fileRef = 773C17E8243BD69400FF1896 /* Assets.xcassets */; };
		773C17EC243BD69400FF1896 /* LaunchScreen.storyboard in Resources */ = {isa = PBXBuildFile; fileRef = 773C17EA243BD69400FF1896 /* LaunchScreen.storyboard */; };
		773C17F7243BD79500FF1896 /* DogAPI.swift in Sources */ = {isa = PBXBuildFile; fileRef = 773C17F6243BD79500FF1896 /* DogAPI.swift */; };
		773C17F9243BDD3B00FF1896 /* DogImage.swift in Sources */ = {isa = PBXBuildFile; fileRef = 773C17F8243BDD3B00FF1896 /* DogImage.swift */; };
		77709025243C744B00F8783C /* Breed.swift in Sources */ = {isa = PBXBuildFile; fileRef = 77709024243C744B00F8783C /* Breed.swift */; };
/* End PBXBuildFile section */

/* Begin PBXFileReference section */
		773C17DC243BD69300FF1896 /* Randog.app */ = {isa = PBXFileReference; explicitFileType = wrapper.application; includeInIndex = 0; path = Randog.app; sourceTree = BUILT_PRODUCTS_DIR; };
		773C17DF243BD69300FF1896 /* AppDelegate.swift */ = {isa = PBXFileReference; lastKnownFileType = sourcecode.swift; path = AppDelegate.swift; sourceTree = "<group>"; };
		773C17E1243BD69300FF1896 /* SceneDelegate.swift */ = {isa = PBXFileReference; lastKnownFileType = sourcecode.swift; path = SceneDelegate.swift; sourceTree = "<group>"; };
		773C17E3243BD69300FF1896 /* ViewController.swift */ = {isa = PBXFileReference; lastKnownFileType = sourcecode.swift; path = ViewController.swift; sourceTree = "<group>"; };
		773C17E6243BD69300FF1896 /* Base */ = {isa = PBXFileReference; lastKnownFileType = file.storyboard; name = Base; path = Base.lproj/Main.storyboard; sourceTree = "<group>"; };
		773C17E8243BD69400FF1896 /* Assets.xcassets */ = {isa = PBXFileReference; lastKnownFileType = folder.assetcatalog; path = Assets.xcassets; sourceTree = "<group>"; };
		773C17EB243BD69400FF1896 /* Base */ = {isa = PBXFileReference; lastKnownFileType = file.storyboard; name = Base; path = Base.lproj/LaunchScreen.storyboard; sourceTree = "<group>"; };
		773C17ED243BD69400FF1896 /* Info.plist */ = {isa = PBXFileReference; lastKnownFileType = text.plist.xml; path = Info.plist; sourceTree = "<group>"; };
		773C17F6243BD79500FF1896 /* DogAPI.swift */ = {isa = PBXFileReference; lastKnownFileType = sourcecode.swift; path = DogAPI.swift; sourceTree = "<group>"; };
		773C17F8243BDD3B00FF1896 /* DogImage.swift */ = {isa = PBXFileReference; lastKnownFileType = sourcecode.swift; path = DogImage.swift; sourceTree = "<group>"; };
		77709024243C744B00F8783C /* Breed.swift */ = {isa = PBXFileReference; lastKnownFileType = sourcecode.swift; path = Breed.swift; sourceTree = "<group>"; };
/* End PBXFileReference section */

/* Begin PBXFrameworksBuildPhase section */
		773C17D9243BD69300FF1896 /* Frameworks */ = {
			isa = PBXFrameworksBuildPhase;
			buildActionMask = 2147483647;
			files = (
			);
			runOnlyForDeploymentPostprocessing = 0;
		};
/* End PBXFrameworksBuildPhase section */

/* Begin PBXGroup section */
		773C17D3243BD69300FF1896 = {
			isa = PBXGroup;
			children = (
				773C17DE243BD69300FF1896 /* Randog */,
				773C17DD243BD69300FF1896 /* Products */,
			);
			sourceTree = "<group>";
		};
		773C17DD243BD69300FF1896 /* Products */ = {
			isa = PBXGroup;
			children = (
				773C17DC243BD69300FF1896 /* Randog.app */,
			);
			name = Products;
			sourceTree = "<group>";
		};
		773C17DE243BD69300FF1896 /* Randog */ = {
			isa = PBXGroup;
			children = (
				773C17F5243BD78100FF1896 /* Model */,
				773C17F4243BD6C800FF1896 /* Controller */,
				773C17F3243BD6AD00FF1896 /* View */,
				773C17ED243BD69400FF1896 /* Info.plist */,
			);
			path = Randog;
			sourceTree = "<group>";
		};
		773C17F3243BD6AD00FF1896 /* View */ = {
			isa = PBXGroup;
			children = (
				773C17E5243BD69300FF1896 /* Main.storyboard */,
				773C17E8243BD69400FF1896 /* Assets.xcassets */,
				773C17EA243BD69400FF1896 /* LaunchScreen.storyboard */,
			);
			path = View;
			sourceTree = "<group>";
		};
		773C17F4243BD6C800FF1896 /* Controller */ = {
			isa = PBXGroup;
			children = (
				773C17DF243BD69300FF1896 /* AppDelegate.swift */,
				773C17E1243BD69300FF1896 /* SceneDelegate.swift */,
				773C17E3243BD69300FF1896 /* ViewController.swift */,
			);
			path = Controller;
			sourceTree = "<group>";
		};
		773C17F5243BD78100FF1896 /* Model */ = {
			isa = PBXGroup;
			children = (
				773C17F6243BD79500FF1896 /* DogAPI.swift */,
				773C17F8243BDD3B00FF1896 /* DogImage.swift */,
				77709024243C744B00F8783C /* Breed.swift */,
			);
			path = Model;
			sourceTree = "<group>";
		};
/* End PBXGroup section */

/* Begin PBXNativeTarget section */
		773C17DB243BD69300FF1896 /* Randog */ = {
			isa = PBXNativeTarget;
			buildConfigurationList = 773C17F0243BD69400FF1896 /* Build configuration list for PBXNativeTarget "Randog" */;
			buildPhases = (
				773C17D8243BD69300FF1896 /* Sources */,
				773C17D9243BD69300FF1896 /* Frameworks */,
				773C17DA243BD69300FF1896 /* Resources */,
			);
			buildRules = (
			);
			dependencies = (
			);
			name = Randog;
			productName = Randog;
			productReference = 773C17DC243BD69300FF1896 /* Randog.app */;
			productType = "com.apple.product-type.application";
		};
/* End PBXNativeTarget section */

/* Begin PBXProject section */
		773C17D4243BD69300FF1896 /* Project object */ = {
			isa = PBXProject;
			attributes = {
				LastSwiftUpdateCheck = 1120;
				LastUpgradeCheck = 1120;
				ORGANIZATIONNAME = "Gokhan Namal";
				TargetAttributes = {
					773C17DB243BD69300FF1896 = {
						CreatedOnToolsVersion = 11.2.1;
					};
				};
			};
			buildConfigurationList = 773C17D7243BD69300FF1896 /* Build configuration list for PBXProject "Randog" */;
			compatibilityVersion = "Xcode 9.3";
			developmentRegion = en;
			hasScannedForEncodings = 0;
			knownRegions = (
				en,
				Base,
			);
			mainGroup = 773C17D3243BD69300FF1896;
			productRefGroup = 773C17DD243BD69300FF1896 /* Products */;
			projectDirPath = "";
			projectRoot = "";
			targets = (
				773C17DB243BD69300FF1896 /* Randog */,
			);
		};
/* End PBXProject section */

/* Begin PBXResourcesBuildPhase section */
		773C17DA243BD69300FF1896 /* Resources */ = {
			isa = PBXResourcesBuildPhase;
			buildActionMask = 2147483647;
			files = (
				773C17EC243BD69400FF1896 /* LaunchScreen.storyboard in Resources */,
				773C17E9243BD69400FF1896 /* Assets.xcassets in Resources */,
				773C17E7243BD69300FF1896 /* Main.storyboard in Resources */,
			);
			runOnlyForDeploymentPostprocessing = 0;
		};
/* End PBXResourcesBuildPhase section */

/* Begin PBXSourcesBuildPhase section */
		773C17D8243BD69300FF1896 /* Sources */ = {
			isa = PBXSourcesBuildPhase;
			buildActionMask = 2147483647;
			files = (
				77709025243C744B00F8783C /* Breed.swift in Sources */,
				773C17E4243BD69300FF1896 /* ViewController.swift in Sources */,
				773C17F9243BDD3B00FF1896 /* DogImage.swift in Sources */,
				773C17E0243BD69300FF1896 /* AppDelegate.swift in Sources */,
				773C17E2243BD69300FF1896 /* SceneDelegate.swift in Sources */,
				773C17F7243BD79500FF1896 /* DogAPI.swift in Sources */,
			);
			runOnlyForDeploymentPostprocessing = 0;
		};
/* End PBXSourcesBuildPhase section */

/* Begin PBXVariantGroup section */
		773C17E5243BD69300FF1896 /* Main.storyboard */ = {
			isa = PBXVariantGroup;
			children = (
				773C17E6243BD69300FF1896 /* Base */,
			);
			name = Main.storyboard;
			sourceTree = "<group>";
		};
		773C17EA243BD69400FF1896 /* LaunchScreen.storyboard */ = {
			isa = PBXVariantGroup;
			children = (
				773C17EB243BD69400FF1896 /* Base */,
			);
			name = LaunchScreen.storyboard;
			sourceTree = "<group>";
		};
/* End PBXVariantGroup section */

/* Begin XCBuildConfiguration section */
		773C17EE243BD69400FF1896 /* Debug */ = {
			isa = XCBuildConfiguration;
			buildSettings = {
				ALWAYS_SEARCH_USER_PATHS = NO;
				CLANG_ANALYZER_NONNULL = YES;
				CLANG_ANALYZER_NUMBER_OBJECT_CONVERSION = YES_AGGRESSIVE;
				CLANG_CXX_LANGUAGE_STANDARD = "gnu++14";
				CLANG_CXX_LIBRARY = "libc++";
				CLANG_ENABLE_MODULES = YES;
				CLANG_ENABLE_OBJC_ARC = YES;
				CLANG_ENABLE_OBJC_WEAK = YES;
				CLANG_WARN_BLOCK_CAPTURE_AUTORELEASING = YES;
				CLANG_WARN_BOOL_CONVERSION = YES;
				CLANG_WARN_COMMA = YES;
				CLANG_WARN_CONSTANT_CONVERSION = YES;
				CLANG_WARN_DEPRECATED_OBJC_IMPLEMENTATIONS = YES;
				CLANG_WARN_DIRECT_OBJC_ISA_USAGE = YES_ERROR;
				CLANG_WARN_DOCUMENTATION_COMMENTS = YES;
				CLANG_WARN_EMPTY_BODY = YES;
				CLANG_WARN_ENUM_CONVERSION = YES;
				CLANG_WARN_INFINITE_RECURSION = YES;
				CLANG_WARN_INT_CONVERSION = YES;
				CLANG_WARN_NON_LITERAL_NULL_CONVERSION = YES;
				CLANG_WARN_OBJC_IMPLICIT_RETAIN_SELF = YES;
				CLANG_WARN_OBJC_LITERAL_CONVERSION = YES;
				CLANG_WARN_OBJC_ROOT_CLASS = YES_ERROR;
				CLANG_WARN_RANGE_LOOP_ANALYSIS = YES;
				CLANG_WARN_STRICT_PROTOTYPES = YES;
				CLANG_WARN_SUSPICIOUS_MOVE = YES;
				CLANG_WARN_UNGUARDED_AVAILABILITY = YES_AGGRESSIVE;
				CLANG_WARN_UNREACHABLE_CODE = YES;
				CLANG_WARN__DUPLICATE_METHOD_MATCH = YES;
				COPY_PHASE_STRIP = NO;
				DEBUG_INFORMATION_FORMAT = dwarf;
				ENABLE_STRICT_OBJC_MSGSEND = YES;
				ENABLE_TESTABILITY = YES;
				GCC_C_LANGUAGE_STANDARD = gnu11;
				GCC_DYNAMIC_NO_PIC = NO;
				GCC_NO_COMMON_BLOCKS = YES;
				GCC_OPTIMIZATION_LEVEL = 0;
				GCC_PREPROCESSOR_DEFINITIONS = (
					"DEBUG=1",
					"$(inherited)",
				);
				GCC_WARN_64_TO_32_BIT_CONVERSION = YES;
				GCC_WARN_ABOUT_RETURN_TYPE = YES_ERROR;
				GCC_WARN_UNDECLARED_SELECTOR = YES;
				GCC_WARN_UNINITIALIZED_AUTOS = YES_AGGRESSIVE;
				GCC_WARN_UNUSED_FUNCTION = YES;
				GCC_WARN_UNUSED_VARIABLE = YES;
				IPHONEOS_DEPLOYMENT_TARGET = 13.2;
				MTL_ENABLE_DEBUG_INFO = INCLUDE_SOURCE;
				MTL_FAST_MATH = YES;
				ONLY_ACTIVE_ARCH = YES;
				SDKROOT = iphoneos;
				SWIFT_ACTIVE_COMPILATION_CONDITIONS = DEBUG;
				SWIFT_OPTIMIZATION_LEVEL = "-Onone";
			};
			name = Debug;
		};
		773C17EF243BD69400FF1896 /* Release */ = {
			isa = XCBuildConfiguration;
			buildSettings = {
				ALWAYS_SEARCH_USER_PATHS = NO;
				CLANG_ANALYZER_NONNULL = YES;
				CLANG_ANALYZER_NUMBER_OBJECT_CONVERSION = YES_AGGRESSIVE;
				CLANG_CXX_LANGUAGE_STANDARD = "gnu++14";
				CLANG_CXX_LIBRARY = "libc++";
				CLANG_ENABLE_MODULES = YES;
				CLANG_ENABLE_OBJC_ARC = YES;
				CLANG_ENABLE_OBJC_WEAK = YES;
				CLANG_WARN_BLOCK_CAPTURE_AUTORELEASING = YES;
				CLANG_WARN_BOOL_CONVERSION = YES;
				CLANG_WARN_COMMA = YES;
				CLANG_WARN_CONSTANT_CONVERSION = YES;
				CLANG_WARN_DEPRECATED_OBJC_IMPLEMENTATIONS = YES;
				CLANG_WARN_DIRECT_OBJC_ISA_USAGE = YES_ERROR;
				CLANG_WARN_DOCUMENTATION_COMMENTS = YES;
				CLANG_WARN_EMPTY_BODY = YES;
				CLANG_WARN_ENUM_CONVERSION = YES;
				CLANG_WARN_INFINITE_RECURSION = YES;
				CLANG_WARN_INT_CONVERSION = YES;
				CLANG_WARN_NON_LITERAL_NULL_CONVERSION = YES;
				CLANG_WARN_OBJC_IMPLICIT_RETAIN_SELF = YES;
				CLANG_WARN_OBJC_LITERAL_CONVERSION = YES;
				CLANG_WARN_OBJC_ROOT_CLASS = YES_ERROR;
				CLANG_WARN_RANGE_LOOP_ANALYSIS = YES;
				CLANG_WARN_STRICT_PROTOTYPES = YES;
				CLANG_WARN_SUSPICIOUS_MOVE = YES;
				CLANG_WARN_UNGUARDED_AVAILABILITY = YES_AGGRESSIVE;
				CLANG_WARN_UNREACHABLE_CODE = YES;
				CLANG_WARN__DUPLICATE_METHOD_MATCH = YES;
				COPY_PHASE_STRIP = NO;
				DEBUG_INFORMATION_FORMAT = "dwarf-with-dsym";
				ENABLE_NS_ASSERTIONS = NO;
				ENABLE_STRICT_OBJC_MSGSEND = YES;
				GCC_C_LANGUAGE_STANDARD = gnu11;
				GCC_NO_COMMON_BLOCKS = YES;
				GCC_WARN_64_TO_32_BIT_CONVERSION = YES;
				GCC_WARN_ABOUT_RETURN_TYPE = YES_ERROR;
				GCC_WARN_UNDECLARED_SELECTOR = YES;
				GCC_WARN_UNINITIALIZED_AUTOS = YES_AGGRESSIVE;
				GCC_WARN_UNUSED_FUNCTION = YES;
				GCC_WARN_UNUSED_VARIABLE = YES;
				IPHONEOS_DEPLOYMENT_TARGET = 13.2;
				MTL_ENABLE_DEBUG_INFO = NO;
				MTL_FAST_MATH = YES;
				SDKROOT = iphoneos;
				SWIFT_COMPILATION_MODE = wholemodule;
				SWIFT_OPTIMIZATION_LEVEL = "-O";
				VALIDATE_PRODUCT = YES;
			};
			name = Release;
		};
		773C17F1243BD69400FF1896 /* Debug */ = {
			isa = XCBuildConfiguration;
			buildSettings = {
				ASSETCATALOG_COMPILER_APPICON_NAME = AppIcon;
				CODE_SIGN_STYLE = Automatic;
				DEVELOPMENT_TEAM = KLG734RE3M;
				INFOPLIST_FILE = Randog/Info.plist;
				LD_RUNPATH_SEARCH_PATHS = (
					"$(inherited)",
					"@executable_path/Frameworks",
				);
				PRODUCT_BUNDLE_IDENTIFIER = com.gokhan.udacity.Randog;
				PRODUCT_NAME = "$(TARGET_NAME)";
				SWIFT_VERSION = 5.0;
				TARGETED_DEVICE_FAMILY = "1,2";
			};
			name = Debug;
		};
		773C17F2243BD69400FF1896 /* Release */ = {
			isa = XCBuildConfiguration;
			buildSettings = {
				ASSETCATALOG_COMPILER_APPICON_NAME = AppIcon;
				CODE_SIGN_STYLE = Automatic;
				DEVELOPMENT_TEAM = KLG734RE3M;
				INFOPLIST_FILE = Randog/Info.plist;
				LD_RUNPATH_SEARCH_PATHS = (
					"$(inherited)",
					"@executable_path/Frameworks",
				);
				PRODUCT_BUNDLE_IDENTIFIER = com.gokhan.udacity.Randog;
				PRODUCT_NAME = "$(TARGET_NAME)";
				SWIFT_VERSION = 5.0;
				TARGETED_DEVICE_FAMILY = "1,2";
			};
			name = Release;
		};
/* End XCBuildConfiguration section */

/* Begin XCConfigurationList section */
		773C17D7243BD69300FF1896 /* Build configuration list for PBXProject "Randog" */ = {
			isa = XCConfigurationList;
			buildConfigurations = (
				773C17EE243BD69400FF1896 /* Debug */,
				773C17EF243BD69400FF1896 /* Release */,
			);
			defaultConfigurationIsVisible = 0;
			defaultConfigurationName = Release;
		};
		773C17F0243BD69400FF1896 /* Build configuration list for PBXNativeTarget "Randog" */ = {
			isa = XCConfigurationList;
			buildConfigurations = (
				773C17F1243BD69400FF1896 /* Debug */,
				773C17F2243BD69400FF1896 /* Release */,
			);
			defaultConfigurationIsVisible = 0;
			defaultConfigurationName = Release;
		};
/* End XCConfigurationList section */
	};
	rootObject = 773C17D4243BD69300FF1896 /* Project object */;
}
